// !$*UTF8*$!
{
	archiveVersion = 1;
	classes = {
	};
	objectVersion = 46;
	objects = {

/* Begin PBXBuildFile section */
		FEE4D1371D0095BC00F694D7 /* main.m in Sources */ = {isa = PBXBuildFile; fileRef = FEE4D1361D0095BC00F694D7 /* main.m */; };
		FEE4D13A1D0095BC00F694D7 /* AppDelegate.m in Sources */ = {isa = PBXBuildFile; fileRef = FEE4D1391D0095BC00F694D7 /* AppDelegate.m */; };
		FEE4D13D1D0095BC00F694D7 /* ViewController.m in Sources */ = {isa = PBXBuildFile; fileRef = FEE4D13C1D0095BC00F694D7 /* ViewController.m */; };
		FEE4D1401D0095BC00F694D7 /* Main.storyboard in Resources */ = {isa = PBXBuildFile; fileRef = FEE4D13E1D0095BC00F694D7 /* Main.storyboard */; };
		FEE4D1421D0095BC00F694D7 /* Assets.xcassets in Resources */ = {isa = PBXBuildFile; fileRef = FEE4D1411D0095BC00F694D7 /* Assets.xcassets */; };
		FEE4D1451D0095BC00F694D7 /* LaunchScreen.storyboard in Resources */ = {isa = PBXBuildFile; fileRef = FEE4D1431D0095BC00F694D7 /* LaunchScreen.storyboard */; };
		FEE4D1501D0095BC00F694D7 /* MLChainDemoTests.m in Sources */ = {isa = PBXBuildFile; fileRef = FEE4D14F1D0095BC00F694D7 /* MLChainDemoTests.m */; };
		FEE4D15B1D0095BC00F694D7 /* MLChainDemoUITests.m in Sources */ = {isa = PBXBuildFile; fileRef = FEE4D15A1D0095BC00F694D7 /* MLChainDemoUITests.m */; };
		FEE645901D00B7EC00F4D773 /* NSBundle+ML_Tools.m in Sources */ = {isa = PBXBuildFile; fileRef = FEE645461D00B7EC00F4D773 /* NSBundle+ML_Tools.m */; };
		FEE645911D00B7EC00F4D773 /* NSDate+ML_Tools.m in Sources */ = {isa = PBXBuildFile; fileRef = FEE645481D00B7EC00F4D773 /* NSDate+ML_Tools.m */; };
		FEE645921D00B7EC00F4D773 /* NSFileManager+ML_Tools.m in Sources */ = {isa = PBXBuildFile; fileRef = FEE6454A1D00B7EC00F4D773 /* NSFileManager+ML_Tools.m */; };
		FEE645931D00B7EC00F4D773 /* NSObject+CreateCode.m in Sources */ = {isa = PBXBuildFile; fileRef = FEE6454C1D00B7EC00F4D773 /* NSObject+CreateCode.m */; };
		FEE645941D00B7EC00F4D773 /* NSObject+RunTimeHelper.m in Sources */ = {isa = PBXBuildFile; fileRef = FEE6454E1D00B7EC00F4D773 /* NSObject+RunTimeHelper.m */; };
		FEE645951D00B7EC00F4D773 /* NSString+Class.m in Sources */ = {isa = PBXBuildFile; fileRef = FEE645501D00B7EC00F4D773 /* NSString+Class.m */; };
		FEE645961D00B7EC00F4D773 /* NSObject+ChainFileCreater.m in Sources */ = {isa = PBXBuildFile; fileRef = FEE645551D00B7EC00F4D773 /* NSObject+ChainFileCreater.m */; };
		FEE645971D00B7EC00F4D773 /* NSObject+ChainInvocation.m in Sources */ = {isa = PBXBuildFile; fileRef = FEE645571D00B7EC00F4D773 /* NSObject+ChainInvocation.m */; };
		FEE645981D00B7EC00F4D773 /* NSObject+ChainMethod.m in Sources */ = {isa = PBXBuildFile; fileRef = FEE645591D00B7EC00F4D773 /* NSObject+ChainMethod.m */; };
		FEE645991D00B7EC00F4D773 /* NSObject+ChainProperty.m in Sources */ = {isa = PBXBuildFile; fileRef = FEE6455B1D00B7EC00F4D773 /* NSObject+ChainProperty.m */; };
		FEE645B21D00B7EC00F4D773 /* UIView+MoveToSuperView.m in Sources */ = {isa = PBXBuildFile; fileRef = FEE6458F1D00B7EC00F4D773 /* UIView+MoveToSuperView.m */; };
		FEE646CB1D0139E300F4D773 /* CAAnimation+MLChain.m in Sources */ = {isa = PBXBuildFile; fileRef = FEE6469B1D0139E300F4D773 /* CAAnimation+MLChain.m */; };
		FEE646CC1D0139E300F4D773 /* CABasicAnimation+MLChain.m in Sources */ = {isa = PBXBuildFile; fileRef = FEE6469D1D0139E300F4D773 /* CABasicAnimation+MLChain.m */; };
		FEE646CD1D0139E300F4D773 /* CALayer+MLChain.m in Sources */ = {isa = PBXBuildFile; fileRef = FEE6469F1D0139E300F4D773 /* CALayer+MLChain.m */; };
		FEE646CE1D0139E300F4D773 /* CAPropertyAnimation+MLChain.m in Sources */ = {isa = PBXBuildFile; fileRef = FEE646A11D0139E300F4D773 /* CAPropertyAnimation+MLChain.m */; };
		FEE646CF1D0139E300F4D773 /* MLChain4CAAnimation.m in Sources */ = {isa = PBXBuildFile; fileRef = FEE646A41D0139E300F4D773 /* MLChain4CAAnimation.m */; };
		FEE646D01D0139E300F4D773 /* MLChain4CABasicAnimation.m in Sources */ = {isa = PBXBuildFile; fileRef = FEE646A61D0139E300F4D773 /* MLChain4CABasicAnimation.m */; };
		FEE646D11D0139E300F4D773 /* MLChain4CALayer.m in Sources */ = {isa = PBXBuildFile; fileRef = FEE646A81D0139E300F4D773 /* MLChain4CALayer.m */; };
		FEE646D21D0139E300F4D773 /* MLChain4CAPropertyAnimation.m in Sources */ = {isa = PBXBuildFile; fileRef = FEE646AA1D0139E300F4D773 /* MLChain4CAPropertyAnimation.m */; };
		FEE646D31D0139E300F4D773 /* MLChain4NSObject.m in Sources */ = {isa = PBXBuildFile; fileRef = FEE646AC1D0139E300F4D773 /* MLChain4NSObject.m */; };
		FEE646D41D0139E300F4D773 /* MLChain4UIButton.m in Sources */ = {isa = PBXBuildFile; fileRef = FEE646AE1D0139E300F4D773 /* MLChain4UIButton.m */; };
		FEE646D51D0139E300F4D773 /* MLChain4UIControl.m in Sources */ = {isa = PBXBuildFile; fileRef = FEE646B01D0139E300F4D773 /* MLChain4UIControl.m */; };
		FEE646D61D0139E300F4D773 /* MLChain4UIResponder.m in Sources */ = {isa = PBXBuildFile; fileRef = FEE646B21D0139E300F4D773 /* MLChain4UIResponder.m */; };
		FEE646D71D0139E300F4D773 /* MLChain4UIScrollView.m in Sources */ = {isa = PBXBuildFile; fileRef = FEE646B41D0139E300F4D773 /* MLChain4UIScrollView.m */; };
		FEE646D81D0139E300F4D773 /* MLChain4UITableView.m in Sources */ = {isa = PBXBuildFile; fileRef = FEE646B61D0139E300F4D773 /* MLChain4UITableView.m */; };
		FEE646D91D0139E300F4D773 /* MLChain4UITextField.m in Sources */ = {isa = PBXBuildFile; fileRef = FEE646B81D0139E300F4D773 /* MLChain4UITextField.m */; };
		FEE646DA1D0139E300F4D773 /* MLChain4UIView.m in Sources */ = {isa = PBXBuildFile; fileRef = FEE646BA1D0139E300F4D773 /* MLChain4UIView.m */; };
		FEE646DB1D0139E300F4D773 /* NSObject+MLChain.m in Sources */ = {isa = PBXBuildFile; fileRef = FEE646BC1D0139E300F4D773 /* NSObject+MLChain.m */; };
		FEE646DC1D0139E300F4D773 /* UIButton+MLChain.m in Sources */ = {isa = PBXBuildFile; fileRef = FEE646BE1D0139E300F4D773 /* UIButton+MLChain.m */; };
		FEE646DD1D0139E300F4D773 /* UIControl+MLChain.m in Sources */ = {isa = PBXBuildFile; fileRef = FEE646C01D0139E300F4D773 /* UIControl+MLChain.m */; };
		FEE646DE1D0139E300F4D773 /* UIResponder+MLChain.m in Sources */ = {isa = PBXBuildFile; fileRef = FEE646C21D0139E300F4D773 /* UIResponder+MLChain.m */; };
		FEE646DF1D0139E300F4D773 /* UIScrollView+MLChain.m in Sources */ = {isa = PBXBuildFile; fileRef = FEE646C41D0139E300F4D773 /* UIScrollView+MLChain.m */; };
		FEE646E01D0139E300F4D773 /* UITableView+MLChain.m in Sources */ = {isa = PBXBuildFile; fileRef = FEE646C61D0139E300F4D773 /* UITableView+MLChain.m */; };
		FEE646E11D0139E300F4D773 /* UITextField+MLChain.m in Sources */ = {isa = PBXBuildFile; fileRef = FEE646C81D0139E300F4D773 /* UITextField+MLChain.m */; };
		FEE646E21D0139E300F4D773 /* UIView+MLChain.m in Sources */ = {isa = PBXBuildFile; fileRef = FEE646CA1D0139E300F4D773 /* UIView+MLChain.m */; };
/* End PBXBuildFile section */

/* Begin PBXContainerItemProxy section */
		FEE4D14C1D0095BC00F694D7 /* PBXContainerItemProxy */ = {
			isa = PBXContainerItemProxy;
			containerPortal = FEE4D12A1D0095BC00F694D7 /* Project object */;
			proxyType = 1;
			remoteGlobalIDString = FEE4D1311D0095BC00F694D7;
			remoteInfo = MLChainDemo;
		};
		FEE4D1571D0095BC00F694D7 /* PBXContainerItemProxy */ = {
			isa = PBXContainerItemProxy;
			containerPortal = FEE4D12A1D0095BC00F694D7 /* Project object */;
			proxyType = 1;
			remoteGlobalIDString = FEE4D1311D0095BC00F694D7;
			remoteInfo = MLChainDemo;
		};
/* End PBXContainerItemProxy section */

/* Begin PBXFileReference section */
		FEE4D1321D0095BC00F694D7 /* MLChainDemo.app */ = {isa = PBXFileReference; explicitFileType = wrapper.application; includeInIndex = 0; path = MLChainDemo.app; sourceTree = BUILT_PRODUCTS_DIR; };
		FEE4D1361D0095BC00F694D7 /* main.m */ = {isa = PBXFileReference; lastKnownFileType = sourcecode.c.objc; path = main.m; sourceTree = "<group>"; };
		FEE4D1381D0095BC00F694D7 /* AppDelegate.h */ = {isa = PBXFileReference; lastKnownFileType = sourcecode.c.h; path = AppDelegate.h; sourceTree = "<group>"; };
		FEE4D1391D0095BC00F694D7 /* AppDelegate.m */ = {isa = PBXFileReference; lastKnownFileType = sourcecode.c.objc; path = AppDelegate.m; sourceTree = "<group>"; };
		FEE4D13B1D0095BC00F694D7 /* ViewController.h */ = {isa = PBXFileReference; lastKnownFileType = sourcecode.c.h; path = ViewController.h; sourceTree = "<group>"; };
		FEE4D13C1D0095BC00F694D7 /* ViewController.m */ = {isa = PBXFileReference; lastKnownFileType = sourcecode.c.objc; path = ViewController.m; sourceTree = "<group>"; };
		FEE4D13F1D0095BC00F694D7 /* Base */ = {isa = PBXFileReference; lastKnownFileType = file.storyboard; name = Base; path = Base.lproj/Main.storyboard; sourceTree = "<group>"; };
		FEE4D1411D0095BC00F694D7 /* Assets.xcassets */ = {isa = PBXFileReference; lastKnownFileType = folder.assetcatalog; path = Assets.xcassets; sourceTree = "<group>"; };
		FEE4D1441D0095BC00F694D7 /* Base */ = {isa = PBXFileReference; lastKnownFileType = file.storyboard; name = Base; path = Base.lproj/LaunchScreen.storyboard; sourceTree = "<group>"; };
		FEE4D1461D0095BC00F694D7 /* Info.plist */ = {isa = PBXFileReference; lastKnownFileType = text.plist.xml; path = Info.plist; sourceTree = "<group>"; };
		FEE4D14B1D0095BC00F694D7 /* MLChainDemoTests.xctest */ = {isa = PBXFileReference; explicitFileType = wrapper.cfbundle; includeInIndex = 0; path = MLChainDemoTests.xctest; sourceTree = BUILT_PRODUCTS_DIR; };
		FEE4D14F1D0095BC00F694D7 /* MLChainDemoTests.m */ = {isa = PBXFileReference; lastKnownFileType = sourcecode.c.objc; path = MLChainDemoTests.m; sourceTree = "<group>"; };
		FEE4D1511D0095BC00F694D7 /* Info.plist */ = {isa = PBXFileReference; lastKnownFileType = text.plist.xml; path = Info.plist; sourceTree = "<group>"; };
		FEE4D1561D0095BC00F694D7 /* MLChainDemoUITests.xctest */ = {isa = PBXFileReference; explicitFileType = wrapper.cfbundle; includeInIndex = 0; path = MLChainDemoUITests.xctest; sourceTree = BUILT_PRODUCTS_DIR; };
		FEE4D15A1D0095BC00F694D7 /* MLChainDemoUITests.m */ = {isa = PBXFileReference; lastKnownFileType = sourcecode.c.objc; path = MLChainDemoUITests.m; sourceTree = "<group>"; };
		FEE4D15C1D0095BC00F694D7 /* Info.plist */ = {isa = PBXFileReference; lastKnownFileType = text.plist.xml; path = Info.plist; sourceTree = "<group>"; };
		FEE645451D00B7EC00F4D773 /* NSBundle+ML_Tools.h */ = {isa = PBXFileReference; fileEncoding = 4; lastKnownFileType = sourcecode.c.h; path = "NSBundle+ML_Tools.h"; sourceTree = "<group>"; };
		FEE645461D00B7EC00F4D773 /* NSBundle+ML_Tools.m */ = {isa = PBXFileReference; fileEncoding = 4; lastKnownFileType = sourcecode.c.objc; path = "NSBundle+ML_Tools.m"; sourceTree = "<group>"; };
		FEE645471D00B7EC00F4D773 /* NSDate+ML_Tools.h */ = {isa = PBXFileReference; fileEncoding = 4; lastKnownFileType = sourcecode.c.h; path = "NSDate+ML_Tools.h"; sourceTree = "<group>"; };
		FEE645481D00B7EC00F4D773 /* NSDate+ML_Tools.m */ = {isa = PBXFileReference; fileEncoding = 4; lastKnownFileType = sourcecode.c.objc; path = "NSDate+ML_Tools.m"; sourceTree = "<group>"; };
		FEE645491D00B7EC00F4D773 /* NSFileManager+ML_Tools.h */ = {isa = PBXFileReference; fileEncoding = 4; lastKnownFileType = sourcecode.c.h; path = "NSFileManager+ML_Tools.h"; sourceTree = "<group>"; };
		FEE6454A1D00B7EC00F4D773 /* NSFileManager+ML_Tools.m */ = {isa = PBXFileReference; fileEncoding = 4; lastKnownFileType = sourcecode.c.objc; path = "NSFileManager+ML_Tools.m"; sourceTree = "<group>"; };
		FEE6454B1D00B7EC00F4D773 /* NSObject+CreateCode.h */ = {isa = PBXFileReference; fileEncoding = 4; lastKnownFileType = sourcecode.c.h; path = "NSObject+CreateCode.h"; sourceTree = "<group>"; };
		FEE6454C1D00B7EC00F4D773 /* NSObject+CreateCode.m */ = {isa = PBXFileReference; fileEncoding = 4; lastKnownFileType = sourcecode.c.objc; path = "NSObject+CreateCode.m"; sourceTree = "<group>"; };
		FEE6454D1D00B7EC00F4D773 /* NSObject+RunTimeHelper.h */ = {isa = PBXFileReference; fileEncoding = 4; lastKnownFileType = sourcecode.c.h; path = "NSObject+RunTimeHelper.h"; sourceTree = "<group>"; };
		FEE6454E1D00B7EC00F4D773 /* NSObject+RunTimeHelper.m */ = {isa = PBXFileReference; fileEncoding = 4; lastKnownFileType = sourcecode.c.objc; path = "NSObject+RunTimeHelper.m"; sourceTree = "<group>"; };
		FEE6454F1D00B7EC00F4D773 /* NSString+Class.h */ = {isa = PBXFileReference; fileEncoding = 4; lastKnownFileType = sourcecode.c.h; path = "NSString+Class.h"; sourceTree = "<group>"; };
		FEE645501D00B7EC00F4D773 /* NSString+Class.m */ = {isa = PBXFileReference; fileEncoding = 4; lastKnownFileType = sourcecode.c.objc; path = "NSString+Class.m"; sourceTree = "<group>"; };
		FEE645521D00B7EC00F4D773 /* MLChain_RACmetamacros.h */ = {isa = PBXFileReference; fileEncoding = 4; lastKnownFileType = sourcecode.c.h; path = MLChain_RACmetamacros.h; sourceTree = "<group>"; };
		FEE645531D00B7EC00F4D773 /* MLChainMacro.h */ = {isa = PBXFileReference; fileEncoding = 4; lastKnownFileType = sourcecode.c.h; path = MLChainMacro.h; sourceTree = "<group>"; };
		FEE645541D00B7EC00F4D773 /* NSObject+ChainFileCreater.h */ = {isa = PBXFileReference; fileEncoding = 4; lastKnownFileType = sourcecode.c.h; path = "NSObject+ChainFileCreater.h"; sourceTree = "<group>"; };
		FEE645551D00B7EC00F4D773 /* NSObject+ChainFileCreater.m */ = {isa = PBXFileReference; fileEncoding = 4; lastKnownFileType = sourcecode.c.objc; path = "NSObject+ChainFileCreater.m"; sourceTree = "<group>"; };
		FEE645561D00B7EC00F4D773 /* NSObject+ChainInvocation.h */ = {isa = PBXFileReference; fileEncoding = 4; lastKnownFileType = sourcecode.c.h; path = "NSObject+ChainInvocation.h"; sourceTree = "<group>"; };
		FEE645571D00B7EC00F4D773 /* NSObject+ChainInvocation.m */ = {isa = PBXFileReference; fileEncoding = 4; lastKnownFileType = sourcecode.c.objc; path = "NSObject+ChainInvocation.m"; sourceTree = "<group>"; };
		FEE645581D00B7EC00F4D773 /* NSObject+ChainMethod.h */ = {isa = PBXFileReference; fileEncoding = 4; lastKnownFileType = sourcecode.c.h; path = "NSObject+ChainMethod.h"; sourceTree = "<group>"; };
		FEE645591D00B7EC00F4D773 /* NSObject+ChainMethod.m */ = {isa = PBXFileReference; fileEncoding = 4; lastKnownFileType = sourcecode.c.objc; path = "NSObject+ChainMethod.m"; sourceTree = "<group>"; };
		FEE6455A1D00B7EC00F4D773 /* NSObject+ChainProperty.h */ = {isa = PBXFileReference; fileEncoding = 4; lastKnownFileType = sourcecode.c.h; path = "NSObject+ChainProperty.h"; sourceTree = "<group>"; };
		FEE6455B1D00B7EC00F4D773 /* NSObject+ChainProperty.m */ = {isa = PBXFileReference; fileEncoding = 4; lastKnownFileType = sourcecode.c.objc; path = "NSObject+ChainProperty.m"; sourceTree = "<group>"; };
		FEE6458E1D00B7EC00F4D773 /* UIView+MoveToSuperView.h */ = {isa = PBXFileReference; fileEncoding = 4; lastKnownFileType = sourcecode.c.h; path = "UIView+MoveToSuperView.h"; sourceTree = "<group>"; };
		FEE6458F1D00B7EC00F4D773 /* UIView+MoveToSuperView.m */ = {isa = PBXFileReference; fileEncoding = 4; lastKnownFileType = sourcecode.c.objc; path = "UIView+MoveToSuperView.m"; sourceTree = "<group>"; };
		FEE6469A1D0139E300F4D773 /* CAAnimation+MLChain.h */ = {isa = PBXFileReference; fileEncoding = 4; lastKnownFileType = sourcecode.c.h; path = "CAAnimation+MLChain.h"; sourceTree = "<group>"; };
		FEE6469B1D0139E300F4D773 /* CAAnimation+MLChain.m */ = {isa = PBXFileReference; fileEncoding = 4; lastKnownFileType = sourcecode.c.objc; path = "CAAnimation+MLChain.m"; sourceTree = "<group>"; };
		FEE6469C1D0139E300F4D773 /* CABasicAnimation+MLChain.h */ = {isa = PBXFileReference; fileEncoding = 4; lastKnownFileType = sourcecode.c.h; path = "CABasicAnimation+MLChain.h"; sourceTree = "<group>"; };
		FEE6469D1D0139E300F4D773 /* CABasicAnimation+MLChain.m */ = {isa = PBXFileReference; fileEncoding = 4; lastKnownFileType = sourcecode.c.objc; path = "CABasicAnimation+MLChain.m"; sourceTree = "<group>"; };
		FEE6469E1D0139E300F4D773 /* CALayer+MLChain.h */ = {isa = PBXFileReference; fileEncoding = 4; lastKnownFileType = sourcecode.c.h; path = "CALayer+MLChain.h"; sourceTree = "<group>"; };
		FEE6469F1D0139E300F4D773 /* CALayer+MLChain.m */ = {isa = PBXFileReference; fileEncoding = 4; lastKnownFileType = sourcecode.c.objc; path = "CALayer+MLChain.m"; sourceTree = "<group>"; };
		FEE646A01D0139E300F4D773 /* CAPropertyAnimation+MLChain.h */ = {isa = PBXFileReference; fileEncoding = 4; lastKnownFileType = sourcecode.c.h; path = "CAPropertyAnimation+MLChain.h"; sourceTree = "<group>"; };
		FEE646A11D0139E300F4D773 /* CAPropertyAnimation+MLChain.m */ = {isa = PBXFileReference; fileEncoding = 4; lastKnownFileType = sourcecode.c.objc; path = "CAPropertyAnimation+MLChain.m"; sourceTree = "<group>"; };
		FEE646A21D0139E300F4D773 /* MLChain.h */ = {isa = PBXFileReference; fileEncoding = 4; lastKnownFileType = sourcecode.c.h; path = MLChain.h; sourceTree = "<group>"; };
		FEE646A31D0139E300F4D773 /* MLChain4CAAnimation.h */ = {isa = PBXFileReference; fileEncoding = 4; lastKnownFileType = sourcecode.c.h; path = MLChain4CAAnimation.h; sourceTree = "<group>"; };
		FEE646A41D0139E300F4D773 /* MLChain4CAAnimation.m */ = {isa = PBXFileReference; fileEncoding = 4; lastKnownFileType = sourcecode.c.objc; path = MLChain4CAAnimation.m; sourceTree = "<group>"; };
		FEE646A51D0139E300F4D773 /* MLChain4CABasicAnimation.h */ = {isa = PBXFileReference; fileEncoding = 4; lastKnownFileType = sourcecode.c.h; path = MLChain4CABasicAnimation.h; sourceTree = "<group>"; };
		FEE646A61D0139E300F4D773 /* MLChain4CABasicAnimation.m */ = {isa = PBXFileReference; fileEncoding = 4; lastKnownFileType = sourcecode.c.objc; path = MLChain4CABasicAnimation.m; sourceTree = "<group>"; };
		FEE646A71D0139E300F4D773 /* MLChain4CALayer.h */ = {isa = PBXFileReference; fileEncoding = 4; lastKnownFileType = sourcecode.c.h; path = MLChain4CALayer.h; sourceTree = "<group>"; };
		FEE646A81D0139E300F4D773 /* MLChain4CALayer.m */ = {isa = PBXFileReference; fileEncoding = 4; lastKnownFileType = sourcecode.c.objc; path = MLChain4CALayer.m; sourceTree = "<group>"; };
		FEE646A91D0139E300F4D773 /* MLChain4CAPropertyAnimation.h */ = {isa = PBXFileReference; fileEncoding = 4; lastKnownFileType = sourcecode.c.h; path = MLChain4CAPropertyAnimation.h; sourceTree = "<group>"; };
		FEE646AA1D0139E300F4D773 /* MLChain4CAPropertyAnimation.m */ = {isa = PBXFileReference; fileEncoding = 4; lastKnownFileType = sourcecode.c.objc; path = MLChain4CAPropertyAnimation.m; sourceTree = "<group>"; };
		FEE646AB1D0139E300F4D773 /* MLChain4NSObject.h */ = {isa = PBXFileReference; fileEncoding = 4; lastKnownFileType = sourcecode.c.h; path = MLChain4NSObject.h; sourceTree = "<group>"; };
		FEE646AC1D0139E300F4D773 /* MLChain4NSObject.m */ = {isa = PBXFileReference; fileEncoding = 4; lastKnownFileType = sourcecode.c.objc; path = MLChain4NSObject.m; sourceTree = "<group>"; };
		FEE646AD1D0139E300F4D773 /* MLChain4UIButton.h */ = {isa = PBXFileReference; fileEncoding = 4; lastKnownFileType = sourcecode.c.h; path = MLChain4UIButton.h; sourceTree = "<group>"; };
		FEE646AE1D0139E300F4D773 /* MLChain4UIButton.m */ = {isa = PBXFileReference; fileEncoding = 4; lastKnownFileType = sourcecode.c.objc; path = MLChain4UIButton.m; sourceTree = "<group>"; };
		FEE646AF1D0139E300F4D773 /* MLChain4UIControl.h */ = {isa = PBXFileReference; fileEncoding = 4; lastKnownFileType = sourcecode.c.h; path = MLChain4UIControl.h; sourceTree = "<group>"; };
		FEE646B01D0139E300F4D773 /* MLChain4UIControl.m */ = {isa = PBXFileReference; fileEncoding = 4; lastKnownFileType = sourcecode.c.objc; path = MLChain4UIControl.m; sourceTree = "<group>"; };
		FEE646B11D0139E300F4D773 /* MLChain4UIResponder.h */ = {isa = PBXFileReference; fileEncoding = 4; lastKnownFileType = sourcecode.c.h; path = MLChain4UIResponder.h; sourceTree = "<group>"; };
		FEE646B21D0139E300F4D773 /* MLChain4UIResponder.m */ = {isa = PBXFileReference; fileEncoding = 4; lastKnownFileType = sourcecode.c.objc; path = MLChain4UIResponder.m; sourceTree = "<group>"; };
		FEE646B31D0139E300F4D773 /* MLChain4UIScrollView.h */ = {isa = PBXFileReference; fileEncoding = 4; lastKnownFileType = sourcecode.c.h; path = MLChain4UIScrollView.h; sourceTree = "<group>"; };
		FEE646B41D0139E300F4D773 /* MLChain4UIScrollView.m */ = {isa = PBXFileReference; fileEncoding = 4; lastKnownFileType = sourcecode.c.objc; path = MLChain4UIScrollView.m; sourceTree = "<group>"; };
		FEE646B51D0139E300F4D773 /* MLChain4UITableView.h */ = {isa = PBXFileReference; fileEncoding = 4; lastKnownFileType = sourcecode.c.h; path = MLChain4UITableView.h; sourceTree = "<group>"; };
		FEE646B61D0139E300F4D773 /* MLChain4UITableView.m */ = {isa = PBXFileReference; fileEncoding = 4; lastKnownFileType = sourcecode.c.objc; path = MLChain4UITableView.m; sourceTree = "<group>"; };
		FEE646B71D0139E300F4D773 /* MLChain4UITextField.h */ = {isa = PBXFileReference; fileEncoding = 4; lastKnownFileType = sourcecode.c.h; path = MLChain4UITextField.h; sourceTree = "<group>"; };
		FEE646B81D0139E300F4D773 /* MLChain4UITextField.m */ = {isa = PBXFileReference; fileEncoding = 4; lastKnownFileType = sourcecode.c.objc; path = MLChain4UITextField.m; sourceTree = "<group>"; };
		FEE646B91D0139E300F4D773 /* MLChain4UIView.h */ = {isa = PBXFileReference; fileEncoding = 4; lastKnownFileType = sourcecode.c.h; path = MLChain4UIView.h; sourceTree = "<group>"; };
		FEE646BA1D0139E300F4D773 /* MLChain4UIView.m */ = {isa = PBXFileReference; fileEncoding = 4; lastKnownFileType = sourcecode.c.objc; path = MLChain4UIView.m; sourceTree = "<group>"; };
		FEE646BB1D0139E300F4D773 /* NSObject+MLChain.h */ = {isa = PBXFileReference; fileEncoding = 4; lastKnownFileType = sourcecode.c.h; path = "NSObject+MLChain.h"; sourceTree = "<group>"; };
		FEE646BC1D0139E300F4D773 /* NSObject+MLChain.m */ = {isa = PBXFileReference; fileEncoding = 4; lastKnownFileType = sourcecode.c.objc; path = "NSObject+MLChain.m"; sourceTree = "<group>"; };
		FEE646BD1D0139E300F4D773 /* UIButton+MLChain.h */ = {isa = PBXFileReference; fileEncoding = 4; lastKnownFileType = sourcecode.c.h; path = "UIButton+MLChain.h"; sourceTree = "<group>"; };
		FEE646BE1D0139E300F4D773 /* UIButton+MLChain.m */ = {isa = PBXFileReference; fileEncoding = 4; lastKnownFileType = sourcecode.c.objc; path = "UIButton+MLChain.m"; sourceTree = "<group>"; };
		FEE646BF1D0139E300F4D773 /* UIControl+MLChain.h */ = {isa = PBXFileReference; fileEncoding = 4; lastKnownFileType = sourcecode.c.h; path = "UIControl+MLChain.h"; sourceTree = "<group>"; };
		FEE646C01D0139E300F4D773 /* UIControl+MLChain.m */ = {isa = PBXFileReference; fileEncoding = 4; lastKnownFileType = sourcecode.c.objc; path = "UIControl+MLChain.m"; sourceTree = "<group>"; };
		FEE646C11D0139E300F4D773 /* UIResponder+MLChain.h */ = {isa = PBXFileReference; fileEncoding = 4; lastKnownFileType = sourcecode.c.h; path = "UIResponder+MLChain.h"; sourceTree = "<group>"; };
		FEE646C21D0139E300F4D773 /* UIResponder+MLChain.m */ = {isa = PBXFileReference; fileEncoding = 4; lastKnownFileType = sourcecode.c.objc; path = "UIResponder+MLChain.m"; sourceTree = "<group>"; };
		FEE646C31D0139E300F4D773 /* UIScrollView+MLChain.h */ = {isa = PBXFileReference; fileEncoding = 4; lastKnownFileType = sourcecode.c.h; path = "UIScrollView+MLChain.h"; sourceTree = "<group>"; };
		FEE646C41D0139E300F4D773 /* UIScrollView+MLChain.m */ = {isa = PBXFileReference; fileEncoding = 4; lastKnownFileType = sourcecode.c.objc; path = "UIScrollView+MLChain.m"; sourceTree = "<group>"; };
		FEE646C51D0139E300F4D773 /* UITableView+MLChain.h */ = {isa = PBXFileReference; fileEncoding = 4; lastKnownFileType = sourcecode.c.h; path = "UITableView+MLChain.h"; sourceTree = "<group>"; };
		FEE646C61D0139E300F4D773 /* UITableView+MLChain.m */ = {isa = PBXFileReference; fileEncoding = 4; lastKnownFileType = sourcecode.c.objc; path = "UITableView+MLChain.m"; sourceTree = "<group>"; };
		FEE646C71D0139E300F4D773 /* UITextField+MLChain.h */ = {isa = PBXFileReference; fileEncoding = 4; lastKnownFileType = sourcecode.c.h; path = "UITextField+MLChain.h"; sourceTree = "<group>"; };
		FEE646C81D0139E300F4D773 /* UITextField+MLChain.m */ = {isa = PBXFileReference; fileEncoding = 4; lastKnownFileType = sourcecode.c.objc; path = "UITextField+MLChain.m"; sourceTree = "<group>"; };
		FEE646C91D0139E300F4D773 /* UIView+MLChain.h */ = {isa = PBXFileReference; fileEncoding = 4; lastKnownFileType = sourcecode.c.h; path = "UIView+MLChain.h"; sourceTree = "<group>"; };
		FEE646CA1D0139E300F4D773 /* UIView+MLChain.m */ = {isa = PBXFileReference; fileEncoding = 4; lastKnownFileType = sourcecode.c.objc; path = "UIView+MLChain.m"; sourceTree = "<group>"; };
/* End PBXFileReference section */

/* Begin PBXFrameworksBuildPhase section */
		FEE4D12F1D0095BC00F694D7 /* Frameworks */ = {
			isa = PBXFrameworksBuildPhase;
			buildActionMask = 2147483647;
			files = (
			);
			runOnlyForDeploymentPostprocessing = 0;
		};
		FEE4D1481D0095BC00F694D7 /* Frameworks */ = {
			isa = PBXFrameworksBuildPhase;
			buildActionMask = 2147483647;
			files = (
			);
			runOnlyForDeploymentPostprocessing = 0;
		};
		FEE4D1531D0095BC00F694D7 /* Frameworks */ = {
			isa = PBXFrameworksBuildPhase;
			buildActionMask = 2147483647;
			files = (
			);
			runOnlyForDeploymentPostprocessing = 0;
		};
/* End PBXFrameworksBuildPhase section */

/* Begin PBXGroup section */
		FEE4D1291D0095BC00F694D7 = {
			isa = PBXGroup;
			children = (
				FEE4D1341D0095BC00F694D7 /* MLChainDemo */,
				FEE4D14E1D0095BC00F694D7 /* MLChainDemoTests */,
				FEE4D1591D0095BC00F694D7 /* MLChainDemoUITests */,
				FEE4D1331D0095BC00F694D7 /* Products */,
			);
			sourceTree = "<group>";
		};
		FEE4D1331D0095BC00F694D7 /* Products */ = {
			isa = PBXGroup;
			children = (
				FEE4D1321D0095BC00F694D7 /* MLChainDemo.app */,
				FEE4D14B1D0095BC00F694D7 /* MLChainDemoTests.xctest */,
				FEE4D1561D0095BC00F694D7 /* MLChainDemoUITests.xctest */,
			);
			name = Products;
			sourceTree = "<group>";
		};
		FEE4D1341D0095BC00F694D7 /* MLChainDemo */ = {
			isa = PBXGroup;
			children = (
				FEE4D1381D0095BC00F694D7 /* AppDelegate.h */,
				FEE4D1391D0095BC00F694D7 /* AppDelegate.m */,
				FEE4D13B1D0095BC00F694D7 /* ViewController.h */,
				FEE4D13C1D0095BC00F694D7 /* ViewController.m */,
				FEE4D13E1D0095BC00F694D7 /* Main.storyboard */,
				FEE6458E1D00B7EC00F4D773 /* UIView+MoveToSuperView.h */,
				FEE6458F1D00B7EC00F4D773 /* UIView+MoveToSuperView.m */,
				FEE645431D00B7EC00F4D773 /* MLChain */,
				FEE4D1411D0095BC00F694D7 /* Assets.xcassets */,
				FEE4D1431D0095BC00F694D7 /* LaunchScreen.storyboard */,
				FEE4D1461D0095BC00F694D7 /* Info.plist */,
				FEE4D1351D0095BC00F694D7 /* Supporting Files */,
			);
			path = MLChainDemo;
			sourceTree = "<group>";
		};
		FEE4D1351D0095BC00F694D7 /* Supporting Files */ = {
			isa = PBXGroup;
			children = (
				FEE4D1361D0095BC00F694D7 /* main.m */,
			);
			name = "Supporting Files";
			sourceTree = "<group>";
		};
		FEE4D14E1D0095BC00F694D7 /* MLChainDemoTests */ = {
			isa = PBXGroup;
			children = (
				FEE4D14F1D0095BC00F694D7 /* MLChainDemoTests.m */,
				FEE4D1511D0095BC00F694D7 /* Info.plist */,
			);
			path = MLChainDemoTests;
			sourceTree = "<group>";
		};
		FEE4D1591D0095BC00F694D7 /* MLChainDemoUITests */ = {
			isa = PBXGroup;
			children = (
				FEE4D15A1D0095BC00F694D7 /* MLChainDemoUITests.m */,
				FEE4D15C1D0095BC00F694D7 /* Info.plist */,
			);
			path = MLChainDemoUITests;
			sourceTree = "<group>";
		};
		FEE645431D00B7EC00F4D773 /* MLChain */ = {
			isa = PBXGroup;
			children = (
				FEE645441D00B7EC00F4D773 /* Category */,
				FEE645511D00B7EC00F4D773 /* ChainHelper */,
				FEE6455C1D00B7EC00F4D773 /* MLChain */,
			);
			path = MLChain;
			sourceTree = "<group>";
		};
		FEE645441D00B7EC00F4D773 /* Category */ = {
			isa = PBXGroup;
			children = (
				FEE645451D00B7EC00F4D773 /* NSBundle+ML_Tools.h */,
				FEE645461D00B7EC00F4D773 /* NSBundle+ML_Tools.m */,
				FEE645471D00B7EC00F4D773 /* NSDate+ML_Tools.h */,
				FEE645481D00B7EC00F4D773 /* NSDate+ML_Tools.m */,
				FEE645491D00B7EC00F4D773 /* NSFileManager+ML_Tools.h */,
				FEE6454A1D00B7EC00F4D773 /* NSFileManager+ML_Tools.m */,
				FEE6454B1D00B7EC00F4D773 /* NSObject+CreateCode.h */,
				FEE6454C1D00B7EC00F4D773 /* NSObject+CreateCode.m */,
				FEE6454D1D00B7EC00F4D773 /* NSObject+RunTimeHelper.h */,
				FEE6454E1D00B7EC00F4D773 /* NSObject+RunTimeHelper.m */,
				FEE6454F1D00B7EC00F4D773 /* NSString+Class.h */,
				FEE645501D00B7EC00F4D773 /* NSString+Class.m */,
			);
			path = Category;
			sourceTree = "<group>";
		};
		FEE645511D00B7EC00F4D773 /* ChainHelper */ = {
			isa = PBXGroup;
			children = (
				FEE645521D00B7EC00F4D773 /* MLChain_RACmetamacros.h */,
				FEE645531D00B7EC00F4D773 /* MLChainMacro.h */,
				FEE645541D00B7EC00F4D773 /* NSObject+ChainFileCreater.h */,
				FEE645551D00B7EC00F4D773 /* NSObject+ChainFileCreater.m */,
				FEE645561D00B7EC00F4D773 /* NSObject+ChainInvocation.h */,
				FEE645571D00B7EC00F4D773 /* NSObject+ChainInvocation.m */,
				FEE645581D00B7EC00F4D773 /* NSObject+ChainMethod.h */,
				FEE645591D00B7EC00F4D773 /* NSObject+ChainMethod.m */,
				FEE6455A1D00B7EC00F4D773 /* NSObject+ChainProperty.h */,
				FEE6455B1D00B7EC00F4D773 /* NSObject+ChainProperty.m */,
			);
			path = ChainHelper;
			sourceTree = "<group>";
		};
		FEE6455C1D00B7EC00F4D773 /* MLChain */ = {
			isa = PBXGroup;
			children = (
				FEE6469A1D0139E300F4D773 /* CAAnimation+MLChain.h */,
				FEE6469B1D0139E300F4D773 /* CAAnimation+MLChain.m */,
				FEE6469C1D0139E300F4D773 /* CABasicAnimation+MLChain.h */,
				FEE6469D1D0139E300F4D773 /* CABasicAnimation+MLChain.m */,
				FEE6469E1D0139E300F4D773 /* CALayer+MLChain.h */,
				FEE6469F1D0139E300F4D773 /* CALayer+MLChain.m */,
				FEE646A01D0139E300F4D773 /* CAPropertyAnimation+MLChain.h */,
				FEE646A11D0139E300F4D773 /* CAPropertyAnimation+MLChain.m */,
				FEE646A21D0139E300F4D773 /* MLChain.h */,
				FEE646A31D0139E300F4D773 /* MLChain4CAAnimation.h */,
				FEE646A41D0139E300F4D773 /* MLChain4CAAnimation.m */,
				FEE646A51D0139E300F4D773 /* MLChain4CABasicAnimation.h */,
				FEE646A61D0139E300F4D773 /* MLChain4CABasicAnimation.m */,
				FEE646A71D0139E300F4D773 /* MLChain4CALayer.h */,
				FEE646A81D0139E300F4D773 /* MLChain4CALayer.m */,
				FEE646A91D0139E300F4D773 /* MLChain4CAPropertyAnimation.h */,
				FEE646AA1D0139E300F4D773 /* MLChain4CAPropertyAnimation.m */,
				FEE646AB1D0139E300F4D773 /* MLChain4NSObject.h */,
				FEE646AC1D0139E300F4D773 /* MLChain4NSObject.m */,
				FEE646AD1D0139E300F4D773 /* MLChain4UIButton.h */,
				FEE646AE1D0139E300F4D773 /* MLChain4UIButton.m */,
				FEE646AF1D0139E300F4D773 /* MLChain4UIControl.h */,
				FEE646B01D0139E300F4D773 /* MLChain4UIControl.m */,
				FEE646B11D0139E300F4D773 /* MLChain4UIResponder.h */,
				FEE646B21D0139E300F4D773 /* MLChain4UIResponder.m */,
				FEE646B31D0139E300F4D773 /* MLChain4UIScrollView.h */,
				FEE646B41D0139E300F4D773 /* MLChain4UIScrollView.m */,
				FEE646B51D0139E300F4D773 /* MLChain4UITableView.h */,
				FEE646B61D0139E300F4D773 /* MLChain4UITableView.m */,
				FEE646B71D0139E300F4D773 /* MLChain4UITextField.h */,
				FEE646B81D0139E300F4D773 /* MLChain4UITextField.m */,
				FEE646B91D0139E300F4D773 /* MLChain4UIView.h */,
				FEE646BA1D0139E300F4D773 /* MLChain4UIView.m */,
				FEE646BB1D0139E300F4D773 /* NSObject+MLChain.h */,
				FEE646BC1D0139E300F4D773 /* NSObject+MLChain.m */,
				FEE646BD1D0139E300F4D773 /* UIButton+MLChain.h */,
				FEE646BE1D0139E300F4D773 /* UIButton+MLChain.m */,
				FEE646BF1D0139E300F4D773 /* UIControl+MLChain.h */,
				FEE646C01D0139E300F4D773 /* UIControl+MLChain.m */,
				FEE646C11D0139E300F4D773 /* UIResponder+MLChain.h */,
				FEE646C21D0139E300F4D773 /* UIResponder+MLChain.m */,
				FEE646C31D0139E300F4D773 /* UIScrollView+MLChain.h */,
				FEE646C41D0139E300F4D773 /* UIScrollView+MLChain.m */,
				FEE646C51D0139E300F4D773 /* UITableView+MLChain.h */,
				FEE646C61D0139E300F4D773 /* UITableView+MLChain.m */,
				FEE646C71D0139E300F4D773 /* UITextField+MLChain.h */,
				FEE646C81D0139E300F4D773 /* UITextField+MLChain.m */,
				FEE646C91D0139E300F4D773 /* UIView+MLChain.h */,
				FEE646CA1D0139E300F4D773 /* UIView+MLChain.m */,
			);
			path = MLChain;
			sourceTree = "<group>";
		};
/* End PBXGroup section */

/* Begin PBXNativeTarget section */
		FEE4D1311D0095BC00F694D7 /* MLChainDemo */ = {
			isa = PBXNativeTarget;
			buildConfigurationList = FEE4D15F1D0095BC00F694D7 /* Build configuration list for PBXNativeTarget "MLChainDemo" */;
			buildPhases = (
				FEE4D12E1D0095BC00F694D7 /* Sources */,
				FEE4D12F1D0095BC00F694D7 /* Frameworks */,
				FEE4D1301D0095BC00F694D7 /* Resources */,
			);
			buildRules = (
			);
			dependencies = (
			);
			name = MLChainDemo;
			productName = MLChainDemo;
			productReference = FEE4D1321D0095BC00F694D7 /* MLChainDemo.app */;
			productType = "com.apple.product-type.application";
		};
		FEE4D14A1D0095BC00F694D7 /* MLChainDemoTests */ = {
			isa = PBXNativeTarget;
			buildConfigurationList = FEE4D1621D0095BC00F694D7 /* Build configuration list for PBXNativeTarget "MLChainDemoTests" */;
			buildPhases = (
				FEE4D1471D0095BC00F694D7 /* Sources */,
				FEE4D1481D0095BC00F694D7 /* Frameworks */,
				FEE4D1491D0095BC00F694D7 /* Resources */,
			);
			buildRules = (
			);
			dependencies = (
				FEE4D14D1D0095BC00F694D7 /* PBXTargetDependency */,
			);
			name = MLChainDemoTests;
			productName = MLChainDemoTests;
			productReference = FEE4D14B1D0095BC00F694D7 /* MLChainDemoTests.xctest */;
			productType = "com.apple.product-type.bundle.unit-test";
		};
		FEE4D1551D0095BC00F694D7 /* MLChainDemoUITests */ = {
			isa = PBXNativeTarget;
			buildConfigurationList = FEE4D1651D0095BC00F694D7 /* Build configuration list for PBXNativeTarget "MLChainDemoUITests" */;
			buildPhases = (
				FEE4D1521D0095BC00F694D7 /* Sources */,
				FEE4D1531D0095BC00F694D7 /* Frameworks */,
				FEE4D1541D0095BC00F694D7 /* Resources */,
			);
			buildRules = (
			);
			dependencies = (
				FEE4D1581D0095BC00F694D7 /* PBXTargetDependency */,
			);
			name = MLChainDemoUITests;
			productName = MLChainDemoUITests;
			productReference = FEE4D1561D0095BC00F694D7 /* MLChainDemoUITests.xctest */;
			productType = "com.apple.product-type.bundle.ui-testing";
		};
/* End PBXNativeTarget section */

/* Begin PBXProject section */
		FEE4D12A1D0095BC00F694D7 /* Project object */ = {
			isa = PBXProject;
			attributes = {
				LastUpgradeCheck = 0730;
				ORGANIZATIONNAME = "妙龙赖";
				TargetAttributes = {
					FEE4D1311D0095BC00F694D7 = {
						CreatedOnToolsVersion = 7.3.1;
						DevelopmentTeam = SER3U3578Y;
					};
					FEE4D14A1D0095BC00F694D7 = {
						CreatedOnToolsVersion = 7.3.1;
						DevelopmentTeam = SER3U3578Y;
						TestTargetID = FEE4D1311D0095BC00F694D7;
					};
					FEE4D1551D0095BC00F694D7 = {
						CreatedOnToolsVersion = 7.3.1;
						DevelopmentTeam = SER3U3578Y;
						TestTargetID = FEE4D1311D0095BC00F694D7;
					};
				};
			};
			buildConfigurationList = FEE4D12D1D0095BC00F694D7 /* Build configuration list for PBXProject "MLChainDemo" */;
			compatibilityVersion = "Xcode 3.2";
			developmentRegion = English;
			hasScannedForEncodings = 0;
			knownRegions = (
				en,
				Base,
			);
			mainGroup = FEE4D1291D0095BC00F694D7;
			productRefGroup = FEE4D1331D0095BC00F694D7 /* Products */;
			projectDirPath = "";
			projectRoot = "";
			targets = (
				FEE4D1311D0095BC00F694D7 /* MLChainDemo */,
				FEE4D14A1D0095BC00F694D7 /* MLChainDemoTests */,
				FEE4D1551D0095BC00F694D7 /* MLChainDemoUITests */,
			);
		};
/* End PBXProject section */

/* Begin PBXResourcesBuildPhase section */
		FEE4D1301D0095BC00F694D7 /* Resources */ = {
			isa = PBXResourcesBuildPhase;
			buildActionMask = 2147483647;
			files = (
				FEE4D1451D0095BC00F694D7 /* LaunchScreen.storyboard in Resources */,
				FEE4D1421D0095BC00F694D7 /* Assets.xcassets in Resources */,
				FEE4D1401D0095BC00F694D7 /* Main.storyboard in Resources */,
			);
			runOnlyForDeploymentPostprocessing = 0;
		};
		FEE4D1491D0095BC00F694D7 /* Resources */ = {
			isa = PBXResourcesBuildPhase;
			buildActionMask = 2147483647;
			files = (
			);
			runOnlyForDeploymentPostprocessing = 0;
		};
		FEE4D1541D0095BC00F694D7 /* Resources */ = {
			isa = PBXResourcesBuildPhase;
			buildActionMask = 2147483647;
			files = (
			);
			runOnlyForDeploymentPostprocessing = 0;
		};
/* End PBXResourcesBuildPhase section */

/* Begin PBXSourcesBuildPhase section */
		FEE4D12E1D0095BC00F694D7 /* Sources */ = {
			isa = PBXSourcesBuildPhase;
			buildActionMask = 2147483647;
			files = (
				FEE645981D00B7EC00F4D773 /* NSObject+ChainMethod.m in Sources */,
				FEE645931D00B7EC00F4D773 /* NSObject+CreateCode.m in Sources */,
				FEE646CC1D0139E300F4D773 /* CABasicAnimation+MLChain.m in Sources */,
				FEE645B21D00B7EC00F4D773 /* UIView+MoveToSuperView.m in Sources */,
				FEE645991D00B7EC00F4D773 /* NSObject+ChainProperty.m in Sources */,
				FEE646DB1D0139E300F4D773 /* NSObject+MLChain.m in Sources */,
				FEE4D13D1D0095BC00F694D7 /* ViewController.m in Sources */,
				FEE646CE1D0139E300F4D773 /* CAPropertyAnimation+MLChain.m in Sources */,
				FEE646D21D0139E300F4D773 /* MLChain4CAPropertyAnimation.m in Sources */,
				FEE645961D00B7EC00F4D773 /* NSObject+ChainFileCreater.m in Sources */,
				FEE645951D00B7EC00F4D773 /* NSString+Class.m in Sources */,
				FEE646D71D0139E300F4D773 /* MLChain4UIScrollView.m in Sources */,
				FEE646E01D0139E300F4D773 /* UITableView+MLChain.m in Sources */,
				FEE645941D00B7EC00F4D773 /* NSObject+RunTimeHelper.m in Sources */,
				FEE646D51D0139E300F4D773 /* MLChain4UIControl.m in Sources */,
				FEE646DC1D0139E300F4D773 /* UIButton+MLChain.m in Sources */,
				FEE645901D00B7EC00F4D773 /* NSBundle+ML_Tools.m in Sources */,
				FEE646CF1D0139E300F4D773 /* MLChain4CAAnimation.m in Sources */,
				FEE646D31D0139E300F4D773 /* MLChain4NSObject.m in Sources */,
				FEE4D13A1D0095BC00F694D7 /* AppDelegate.m in Sources */,
				FEE646DD1D0139E300F4D773 /* UIControl+MLChain.m in Sources */,
				FEE646D41D0139E300F4D773 /* MLChain4UIButton.m in Sources */,
				FEE646DF1D0139E300F4D773 /* UIScrollView+MLChain.m in Sources */,
				FEE646D91D0139E300F4D773 /* MLChain4UITextField.m in Sources */,
				FEE646CB1D0139E300F4D773 /* CAAnimation+MLChain.m in Sources */,
				FEE646DA1D0139E300F4D773 /* MLChain4UIView.m in Sources */,
				FEE645921D00B7EC00F4D773 /* NSFileManager+ML_Tools.m in Sources */,
				FEE646D01D0139E300F4D773 /* MLChain4CABasicAnimation.m in Sources */,
				FEE646D61D0139E300F4D773 /* MLChain4UIResponder.m in Sources */,
				FEE646E11D0139E300F4D773 /* UITextField+MLChain.m in Sources */,
				FEE645911D00B7EC00F4D773 /* NSDate+ML_Tools.m in Sources */,
				FEE645971D00B7EC00F4D773 /* NSObject+ChainInvocation.m in Sources */,
				FEE4D1371D0095BC00F694D7 /* main.m in Sources */,
				FEE646E21D0139E300F4D773 /* UIView+MLChain.m in Sources */,
				FEE646D81D0139E300F4D773 /* MLChain4UITableView.m in Sources */,
				FEE646CD1D0139E300F4D773 /* CALayer+MLChain.m in Sources */,
				FEE646D11D0139E300F4D773 /* MLChain4CALayer.m in Sources */,
				FEE646DE1D0139E300F4D773 /* UIResponder+MLChain.m in Sources */,
			);
			runOnlyForDeploymentPostprocessing = 0;
		};
		FEE4D1471D0095BC00F694D7 /* Sources */ = {
			isa = PBXSourcesBuildPhase;
			buildActionMask = 2147483647;
			files = (
				FEE4D1501D0095BC00F694D7 /* MLChainDemoTests.m in Sources */,
			);
			runOnlyForDeploymentPostprocessing = 0;
		};
		FEE4D1521D0095BC00F694D7 /* Sources */ = {
			isa = PBXSourcesBuildPhase;
			buildActionMask = 2147483647;
			files = (
				FEE4D15B1D0095BC00F694D7 /* MLChainDemoUITests.m in Sources */,
			);
			runOnlyForDeploymentPostprocessing = 0;
		};
/* End PBXSourcesBuildPhase section */

/* Begin PBXTargetDependency section */
		FEE4D14D1D0095BC00F694D7 /* PBXTargetDependency */ = {
			isa = PBXTargetDependency;
			target = FEE4D1311D0095BC00F694D7 /* MLChainDemo */;
			targetProxy = FEE4D14C1D0095BC00F694D7 /* PBXContainerItemProxy */;
		};
		FEE4D1581D0095BC00F694D7 /* PBXTargetDependency */ = {
			isa = PBXTargetDependency;
			target = FEE4D1311D0095BC00F694D7 /* MLChainDemo */;
			targetProxy = FEE4D1571D0095BC00F694D7 /* PBXContainerItemProxy */;
		};
/* End PBXTargetDependency section */

/* Begin PBXVariantGroup section */
		FEE4D13E1D0095BC00F694D7 /* Main.storyboard */ = {
			isa = PBXVariantGroup;
			children = (
				FEE4D13F1D0095BC00F694D7 /* Base */,
			);
			name = Main.storyboard;
			sourceTree = "<group>";
		};
		FEE4D1431D0095BC00F694D7 /* LaunchScreen.storyboard */ = {
			isa = PBXVariantGroup;
			children = (
				FEE4D1441D0095BC00F694D7 /* Base */,
			);
			name = LaunchScreen.storyboard;
			sourceTree = "<group>";
		};
/* End PBXVariantGroup section */

/* Begin XCBuildConfiguration section */
		FEE4D15D1D0095BC00F694D7 /* Debug */ = {
			isa = XCBuildConfiguration;
			buildSettings = {
				ALWAYS_SEARCH_USER_PATHS = NO;
				CLANG_ANALYZER_NONNULL = YES;
				CLANG_CXX_LANGUAGE_STANDARD = "gnu++0x";
				CLANG_CXX_LIBRARY = "libc++";
				CLANG_ENABLE_MODULES = YES;
				CLANG_ENABLE_OBJC_ARC = YES;
				CLANG_WARN_BOOL_CONVERSION = YES;
				CLANG_WARN_CONSTANT_CONVERSION = YES;
				CLANG_WARN_DIRECT_OBJC_ISA_USAGE = YES_ERROR;
				CLANG_WARN_EMPTY_BODY = YES;
				CLANG_WARN_ENUM_CONVERSION = YES;
				CLANG_WARN_INT_CONVERSION = YES;
				CLANG_WARN_OBJC_ROOT_CLASS = YES_ERROR;
				CLANG_WARN_UNREACHABLE_CODE = YES;
				CLANG_WARN__DUPLICATE_METHOD_MATCH = YES;
				"CODE_SIGN_IDENTITY[sdk=iphoneos*]" = "iPhone Developer";
				COPY_PHASE_STRIP = NO;
				DEBUG_INFORMATION_FORMAT = dwarf;
				ENABLE_STRICT_OBJC_MSGSEND = YES;
				ENABLE_TESTABILITY = YES;
				GCC_C_LANGUAGE_STANDARD = gnu99;
				GCC_DYNAMIC_NO_PIC = NO;
				GCC_NO_COMMON_BLOCKS = YES;
				GCC_OPTIMIZATION_LEVEL = 0;
				GCC_PREPROCESSOR_DEFINITIONS = (
					"DEBUG=1",
					"$(inherited)",
				);
				GCC_WARN_64_TO_32_BIT_CONVERSION = YES;
				GCC_WARN_ABOUT_RETURN_TYPE = YES_ERROR;
				GCC_WARN_UNDECLARED_SELECTOR = YES;
				GCC_WARN_UNINITIALIZED_AUTOS = YES_AGGRESSIVE;
				GCC_WARN_UNUSED_FUNCTION = YES;
				GCC_WARN_UNUSED_VARIABLE = YES;
				IPHONEOS_DEPLOYMENT_TARGET = 9.3;
				MTL_ENABLE_DEBUG_INFO = YES;
				ONLY_ACTIVE_ARCH = YES;
				SDKROOT = iphoneos;
				TARGETED_DEVICE_FAMILY = "1,2";
			};
			name = Debug;
		};
		FEE4D15E1D0095BC00F694D7 /* Release */ = {
			isa = XCBuildConfiguration;
			buildSettings = {
				ALWAYS_SEARCH_USER_PATHS = NO;
				CLANG_ANALYZER_NONNULL = YES;
				CLANG_CXX_LANGUAGE_STANDARD = "gnu++0x";
				CLANG_CXX_LIBRARY = "libc++";
				CLANG_ENABLE_MODULES = YES;
				CLANG_ENABLE_OBJC_ARC = YES;
				CLANG_WARN_BOOL_CONVERSION = YES;
				CLANG_WARN_CONSTANT_CONVERSION = YES;
				CLANG_WARN_DIRECT_OBJC_ISA_USAGE = YES_ERROR;
				CLANG_WARN_EMPTY_BODY = YES;
				CLANG_WARN_ENUM_CONVERSION = YES;
				CLANG_WARN_INT_CONVERSION = YES;
				CLANG_WARN_OBJC_ROOT_CLASS = YES_ERROR;
				CLANG_WARN_UNREACHABLE_CODE = YES;
				CLANG_WARN__DUPLICATE_METHOD_MATCH = YES;
				"CODE_SIGN_IDENTITY[sdk=iphoneos*]" = "iPhone Developer";
				COPY_PHASE_STRIP = NO;
				DEBUG_INFORMATION_FORMAT = "dwarf-with-dsym";
				ENABLE_NS_ASSERTIONS = NO;
				ENABLE_STRICT_OBJC_MSGSEND = YES;
				GCC_C_LANGUAGE_STANDARD = gnu99;
				GCC_NO_COMMON_BLOCKS = YES;
				GCC_WARN_64_TO_32_BIT_CONVERSION = YES;
				GCC_WARN_ABOUT_RETURN_TYPE = YES_ERROR;
				GCC_WARN_UNDECLARED_SELECTOR = YES;
				GCC_WARN_UNINITIALIZED_AUTOS = YES_AGGRESSIVE;
				GCC_WARN_UNUSED_FUNCTION = YES;
				GCC_WARN_UNUSED_VARIABLE = YES;
				IPHONEOS_DEPLOYMENT_TARGET = 9.3;
				MTL_ENABLE_DEBUG_INFO = NO;
				SDKROOT = iphoneos;
				TARGETED_DEVICE_FAMILY = "1,2";
				VALIDATE_PRODUCT = YES;
			};
			name = Release;
		};
		FEE4D1601D0095BC00F694D7 /* Debug */ = {
			isa = XCBuildConfiguration;
			buildSettings = {
				ASSETCATALOG_COMPILER_APPICON_NAME = AppIcon;
				INFOPLIST_FILE = MLChainDemo/Info.plist;
				LD_RUNPATH_SEARCH_PATHS = "$(inherited) @executable_path/Frameworks";
				PRODUCT_BUNDLE_IDENTIFIER = "---.MLChainDemo";
				PRODUCT_NAME = "$(TARGET_NAME)";
			};
			name = Debug;
		};
		FEE4D1611D0095BC00F694D7 /* Release */ = {
			isa = XCBuildConfiguration;
			buildSettings = {
				ASSETCATALOG_COMPILER_APPICON_NAME = AppIcon;
				INFOPLIST_FILE = MLChainDemo/Info.plist;
				LD_RUNPATH_SEARCH_PATHS = "$(inherited) @executable_path/Frameworks";
				PRODUCT_BUNDLE_IDENTIFIER = "---.MLChainDemo";
				PRODUCT_NAME = "$(TARGET_NAME)";
			};
			name = Release;
		};
		FEE4D1631D0095BC00F694D7 /* Debug */ = {
			isa = XCBuildConfiguration;
			buildSettings = {
				BUNDLE_LOADER = "$(TEST_HOST)";
				INFOPLIST_FILE = MLChainDemoTests/Info.plist;
				LD_RUNPATH_SEARCH_PATHS = "$(inherited) @executable_path/Frameworks @loader_path/Frameworks";
				PRODUCT_BUNDLE_IDENTIFIER = "---.MLChainDemoTests";
				PRODUCT_NAME = "$(TARGET_NAME)";
				TEST_HOST = "$(BUILT_PRODUCTS_DIR)/MLChainDemo.app/MLChainDemo";
			};
			name = Debug;
		};
		FEE4D1641D0095BC00F694D7 /* Release */ = {
			isa = XCBuildConfiguration;
			buildSettings = {
				BUNDLE_LOADER = "$(TEST_HOST)";
				INFOPLIST_FILE = MLChainDemoTests/Info.plist;
				LD_RUNPATH_SEARCH_PATHS = "$(inherited) @executable_path/Frameworks @loader_path/Frameworks";
				PRODUCT_BUNDLE_IDENTIFIER = "---.MLChainDemoTests";
				PRODUCT_NAME = "$(TARGET_NAME)";
				TEST_HOST = "$(BUILT_PRODUCTS_DIR)/MLChainDemo.app/MLChainDemo";
			};
			name = Release;
		};
		FEE4D1661D0095BC00F694D7 /* Debug */ = {
			isa = XCBuildConfiguration;
			buildSettings = {
				INFOPLIST_FILE = MLChainDemoUITests/Info.plist;
				LD_RUNPATH_SEARCH_PATHS = "$(inherited) @executable_path/Frameworks @loader_path/Frameworks";
				PRODUCT_BUNDLE_IDENTIFIER = "---.MLChainDemoUITests";
				PRODUCT_NAME = "$(TARGET_NAME)";
				TEST_TARGET_NAME = MLChainDemo;
			};
			name = Debug;
		};
		FEE4D1671D0095BC00F694D7 /* Release */ = {
			isa = XCBuildConfiguration;
			buildSettings = {
				INFOPLIST_FILE = MLChainDemoUITests/Info.plist;
				LD_RUNPATH_SEARCH_PATHS = "$(inherited) @executable_path/Frameworks @loader_path/Frameworks";
				PRODUCT_BUNDLE_IDENTIFIER = "---.MLChainDemoUITests";
				PRODUCT_NAME = "$(TARGET_NAME)";
				TEST_TARGET_NAME = MLChainDemo;
			};
			name = Release;
		};
/* End XCBuildConfiguration section */

/* Begin XCConfigurationList section */
		FEE4D12D1D0095BC00F694D7 /* Build configuration list for PBXProject "MLChainDemo" */ = {
			isa = XCConfigurationList;
			buildConfigurations = (
				FEE4D15D1D0095BC00F694D7 /* Debug */,
				FEE4D15E1D0095BC00F694D7 /* Release */,
			);
			defaultConfigurationIsVisible = 0;
			defaultConfigurationName = Release;
		};
		FEE4D15F1D0095BC00F694D7 /* Build configuration list for PBXNativeTarget "MLChainDemo" */ = {
			isa = XCConfigurationList;
			buildConfigurations = (
				FEE4D1601D0095BC00F694D7 /* Debug */,
				FEE4D1611D0095BC00F694D7 /* Release */,
			);
			defaultConfigurationIsVisible = 0;
			defaultConfigurationName = Release;
		};
		FEE4D1621D0095BC00F694D7 /* Build configuration list for PBXNativeTarget "MLChainDemoTests" */ = {
			isa = XCConfigurationList;
			buildConfigurations = (
				FEE4D1631D0095BC00F694D7 /* Debug */,
				FEE4D1641D0095BC00F694D7 /* Release */,
			);
			defaultConfigurationIsVisible = 0;
			defaultConfigurationName = Release;
		};
		FEE4D1651D0095BC00F694D7 /* Build configuration list for PBXNativeTarget "MLChainDemoUITests" */ = {
			isa = XCConfigurationList;
			buildConfigurations = (
				FEE4D1661D0095BC00F694D7 /* Debug */,
				FEE4D1671D0095BC00F694D7 /* Release */,
			);
			defaultConfigurationIsVisible = 0;
			defaultConfigurationName = Release;
		};
/* End XCConfigurationList section */
	};
	rootObject = FEE4D12A1D0095BC00F694D7 /* Project object */;
}
